# This file is autogenerated, do not edit; changes may be undone by the next 'dep ensure'.


[[projects]]
  branch = "master"
  name = "github.com/azer/snakecase"
  packages = ["."]
  revision = "c818dddafb5c91bd13275f49b08e38a489cbef5f"

[[projects]]
  name = "github.com/davecgh/go-spew"
  packages = ["spew"]
  revision = "346938d642f2ec3594ed81d874461961cd0faa76"
  version = "v1.1.0"

[[projects]]
  branch = "master"
  name = "github.com/dustin/go-humanize"
  packages = ["."]
  revision = "77ed807830b4df581417e7f89eb81d4872832b72"

[[projects]]
  name = "github.com/fiorix/freegeoip"
  packages = ["."]
  revision = "989e6d4183f78c18a28964d4b204d91945e49934"
  version = "v3.4.1"

[[projects]]
  name = "github.com/gorilla/context"
  packages = ["."]
  revision = "1ea25387ff6f684839d82767c1733ff4d4d15d0a"
  version = "v1.1"

[[projects]]
  name = "github.com/gorilla/mux"
  packages = ["."]
  revision = "24fca303ac6da784b9e8269f724ddeb0b2eea5e7"
  version = "v1.5.0"

[[projects]]
  name = "github.com/howeyc/fsnotify"
  packages = ["."]
  revision = "441bbc86b167f3c1f4786afae9931403b99fdacf"
  version = "v0.9.0"

[[projects]]
  branch = "master"
  name = "github.com/jmoiron/sqlx"
  packages = [".","reflectx","types"]
  revision = "3379e5993990b1f927fc8db926485e6f6becf2d2"

[[projects]]
  name = "github.com/kelseyhightower/envconfig"
  packages = ["."]
  revision = "f611eb38b3875cc3bd991ca91c51d06446afa14c"
  version = "v1.3.0"

[[projects]]
  branch = "master"
  name = "github.com/lib/pq"
  packages = [".","oid"]
  revision = "b609790bd85edf8e9ab7e0f8912750a786177bcf"

[[projects]]
  name = "github.com/oschwald/maxminddb-golang"
  packages = ["."]
  revision = "d19f6d453e836d12ee8fe895d0494421e93ef8c1"
  version = "v1.2.0"

[[projects]]
  name = "github.com/pkg/errors"
  packages = ["."]
  revision = "645ef00459ed84a119197bfb8d8205042c6df63d"
  version = "v0.8.0"

[[projects]]
  name = "github.com/pmezard/go-difflib"
  packages = ["difflib"]
  revision = "792786c7400a136282c1664665ae0a8db921c6c2"
  version = "v1.0.0"

[[projects]]
  name = "github.com/stretchr/testify"
  packages = ["assert"]
  revision = "69483b4bd14f5845b5a1e55bca19e954e827f1d0"
  version = "v1.1.4"

[[projects]]
  name = "github.com/tdewolff/buffer"
  packages = ["."]
  revision = "3fd6d6981daf9f995504e6ae31c005780dca2179"
  version = "v1.1.0"

[[projects]]
  name = "github.com/tdewolff/minify"
  packages = [".","css","html"]
  revision = "ffadf028a71d1a9b50f3169a1ab6a194fdd4a2dd"
  version = "v2.2.0"

[[projects]]
  name = "github.com/tdewolff/parse"
  packages = [".","css","html"]
  revision = "e4ac711ab0bf625c08270ba17557c30b2c1c5c2d"
  version = "v2.2.0"

[[projects]]
  name = "github.com/tdewolff/strconv"
  packages = ["."]
  revision = "3e8091f4417ebaaa3910da63a45ea394ebbfb0e3"
  version = "v1.0.0"

[[projects]]
  branch = "master"
  name = "golang.org/x/net"
  packages = ["html","html/atom","html/charset"]
  revision = "c73622c77280266305273cb545f54516ced95b93"

[[projects]]
  branch = "master"
  name = "golang.org/x/sys"
  packages = ["unix","windows"]
  revision = "661970f62f5897bc0cd5fdca7e087ba8a98a8fa1"

[[projects]]
  branch = "master"
  name = "golang.org/x/text"
  packages = ["encoding","encoding/charmap","encoding/htmlindex","encoding/internal","encoding/internal/identifier","encoding/japanese","encoding/korean","encoding/simplifiedchinese","encoding/traditionalchinese","encoding/unicode","internal/gen","internal/tag","internal/utf8internal","language","runes","transform","unicode/cldr"]
  revision = "6eab0e8f74e86c598ec3b6fad4888e0c11482d48"

[[projects]]
  branch = "v2"
  name = "gopkg.in/xmlpath.v2"
  packages = ["."]
  revision = "860cbeca3ebcc600db0b213c0e83ad6ce91f5739"

[solve-meta]
  analyzer-name = "dep"
  analyzer-version = 1
  inputs-digest = "802537119c63737fcbf95bef55ec84903134eac6dc77de5e42873b6a104c1866"
  solver-name = "gps-cdcl"
  solver-version = 1
